// !$*UTF8*$!
{
	archiveVersion = 1;
	classes = {
	};
	objectVersion = 46;
	objects = {

/* Begin PBXBuildFile section */
		06BD355D1A115D61000B7228 /* Foundation.framework in Frameworks */ = {isa = PBXBuildFile; fileRef = 06BD355C1A115D61000B7228 /* Foundation.framework */; };
		06BD355F1A115D61000B7228 /* CoreGraphics.framework in Frameworks */ = {isa = PBXBuildFile; fileRef = 06BD355E1A115D61000B7228 /* CoreGraphics.framework */; };
		06BD35611A115D62000B7228 /* UIKit.framework in Frameworks */ = {isa = PBXBuildFile; fileRef = 06BD35601A115D62000B7228 /* UIKit.framework */; };
		06BD35671A115D62000B7228 /* InfoPlist.strings in Resources */ = {isa = PBXBuildFile; fileRef = 06BD35651A115D62000B7228 /* InfoPlist.strings */; };
		06BD35691A115D62000B7228 /* main.m in Sources */ = {isa = PBXBuildFile; fileRef = 06BD35681A115D62000B7228 /* main.m */; };
		06BD356D1A115D62000B7228 /* LNAppDelegate.m in Sources */ = {isa = PBXBuildFile; fileRef = 06BD356C1A115D62000B7228 /* LNAppDelegate.m */; };
		06BD35701A115D62000B7228 /* Main.storyboard in Resources */ = {isa = PBXBuildFile; fileRef = 06BD356E1A115D62000B7228 /* Main.storyboard */; };
		06BD35731A115D62000B7228 /* LNViewController.m in Sources */ = {isa = PBXBuildFile; fileRef = 06BD35721A115D62000B7228 /* LNViewController.m */; };
		06BD35751A115D62000B7228 /* Images.xcassets in Resources */ = {isa = PBXBuildFile; fileRef = 06BD35741A115D62000B7228 /* Images.xcassets */; };
		06BD357C1A115D62000B7228 /* XCTest.framework in Frameworks */ = {isa = PBXBuildFile; fileRef = 06BD357B1A115D62000B7228 /* XCTest.framework */; };
		06BD357D1A115D62000B7228 /* Foundation.framework in Frameworks */ = {isa = PBXBuildFile; fileRef = 06BD355C1A115D61000B7228 /* Foundation.framework */; };
		06BD357E1A115D62000B7228 /* UIKit.framework in Frameworks */ = {isa = PBXBuildFile; fileRef = 06BD35601A115D62000B7228 /* UIKit.framework */; };
		06BD35861A115D62000B7228 /* InfoPlist.strings in Resources */ = {isa = PBXBuildFile; fileRef = 06BD35841A115D62000B7228 /* InfoPlist.strings */; };
		06BD35881A115D62000B7228 /* Control_FlowTests.m in Sources */ = {isa = PBXBuildFile; fileRef = 06BD35871A115D62000B7228 /* Control_FlowTests.m */; };
/* End PBXBuildFile section */

/* Begin PBXContainerItemProxy section */
		06BD357F1A115D62000B7228 /* PBXContainerItemProxy */ = {
			isa = PBXContainerItemProxy;
			containerPortal = 06BD35511A115D61000B7228 /* Project object */;
			proxyType = 1;
			remoteGlobalIDString = 06BD35581A115D61000B7228;
			remoteInfo = "Control Flow";
		};
/* End PBXContainerItemProxy section */

/* Begin PBXFileReference section */
		06BD35591A115D61000B7228 /* Control Flow.app */ = {isa = PBXFileReference; explicitFileType = wrapper.application; includeInIndex = 0; path = "Control Flow.app"; sourceTree = BUILT_PRODUCTS_DIR; };
		06BD355C1A115D61000B7228 /* Foundation.framework */ = {isa = PBXFileReference; lastKnownFileType = wrapper.framework; name = Foundation.framework; path = System/Library/Frameworks/Foundation.framework; sourceTree = SDKROOT; };
		06BD355E1A115D61000B7228 /* CoreGraphics.framework */ = {isa = PBXFileReference; lastKnownFileType = wrapper.framework; name = CoreGraphics.framework; path = System/Library/Frameworks/CoreGraphics.framework; sourceTree = SDKROOT; };
		06BD35601A115D62000B7228 /* UIKit.framework */ = {isa = PBXFileReference; lastKnownFileType = wrapper.framework; name = UIKit.framework; path = System/Library/Frameworks/UIKit.framework; sourceTree = SDKROOT; };
		06BD35641A115D62000B7228 /* Control Flow-Info.plist */ = {isa = PBXFileReference; lastKnownFileType = text.plist.xml; path = "Control Flow-Info.plist"; sourceTree = "<group>"; };
		06BD35661A115D62000B7228 /* en */ = {isa = PBXFileReference; lastKnownFileType = text.plist.strings; name = en; path = en.lproj/InfoPlist.strings; sourceTree = "<group>"; };
		06BD35681A115D62000B7228 /* main.m */ = {isa = PBXFileReference; lastKnownFileType = sourcecode.c.objc; path = main.m; sourceTree = "<group>"; };
		06BD356A1A115D62000B7228 /* Control Flow-Prefix.pch */ = {isa = PBXFileReference; lastKnownFileType = sourcecode.c.h; path = "Control Flow-Prefix.pch"; sourceTree = "<group>"; };
		06BD356B1A115D62000B7228 /* LNAppDelegate.h */ = {isa = PBXFileReference; lastKnownFileType = sourcecode.c.h; path = LNAppDelegate.h; sourceTree = "<group>"; };
		06BD356C1A115D62000B7228 /* LNAppDelegate.m */ = {isa = PBXFileReference; lastKnownFileType = sourcecode.c.objc; path = LNAppDelegate.m; sourceTree = "<group>"; };
		06BD356F1A115D62000B7228 /* Base */ = {isa = PBXFileReference; lastKnownFileType = file.storyboard; name = Base; path = Base.lproj/Main.storyboard; sourceTree = "<group>"; };
		06BD35711A115D62000B7228 /* LNViewController.h */ = {isa = PBXFileReference; lastKnownFileType = sourcecode.c.h; path = LNViewController.h; sourceTree = "<group>"; };
		06BD35721A115D62000B7228 /* LNViewController.m */ = {isa = PBXFileReference; lastKnownFileType = sourcecode.c.objc; path = LNViewController.m; sourceTree = "<group>"; };
		06BD35741A115D62000B7228 /* Images.xcassets */ = {isa = PBXFileReference; lastKnownFileType = folder.assetcatalog; path = Images.xcassets; sourceTree = "<group>"; };
		06BD357A1A115D62000B7228 /* Control FlowTests.xctest */ = {isa = PBXFileReference; explicitFileType = wrapper.cfbundle; includeInIndex = 0; path = "Control FlowTests.xctest"; sourceTree = BUILT_PRODUCTS_DIR; };
		06BD357B1A115D62000B7228 /* XCTest.framework */ = {isa = PBXFileReference; lastKnownFileType = wrapper.framework; name = XCTest.framework; path = Library/Frameworks/XCTest.framework; sourceTree = DEVELOPER_DIR; };
		06BD35831A115D62000B7228 /* Control FlowTests-Info.plist */ = {isa = PBXFileReference; lastKnownFileType = text.plist.xml; path = "Control FlowTests-Info.plist"; sourceTree = "<group>"; };
		06BD35851A115D62000B7228 /* en */ = {isa = PBXFileReference; lastKnownFileType = text.plist.strings; name = en; path = en.lproj/InfoPlist.strings; sourceTree = "<group>"; };
		06BD35871A115D62000B7228 /* Control_FlowTests.m */ = {isa = PBXFileReference; lastKnownFileType = sourcecode.c.objc; path = Control_FlowTests.m; sourceTree = "<group>"; };
/* End PBXFileReference section */

/* Begin PBXFrameworksBuildPhase section */
		06BD35561A115D61000B7228 /* Frameworks */ = {
			isa = PBXFrameworksBuildPhase;
			buildActionMask = 2147483647;
			files = (
				06BD355F1A115D61000B7228 /* CoreGraphics.framework in Frameworks */,
				06BD35611A115D62000B7228 /* UIKit.framework in Frameworks */,
				06BD355D1A115D61000B7228 /* Foundation.framework in Frameworks */,
			);
			runOnlyForDeploymentPostprocessing = 0;
		};
		06BD35771A115D62000B7228 /* Frameworks */ = {
			isa = PBXFrameworksBuildPhase;
			buildActionMask = 2147483647;
			files = (
				06BD357C1A115D62000B7228 /* XCTest.framework in Frameworks */,
				06BD357E1A115D62000B7228 /* UIKit.framework in Frameworks */,
				06BD357D1A115D62000B7228 /* Foundation.framework in Frameworks */,
			);
			runOnlyForDeploymentPostprocessing = 0;
		};
/* End PBXFrameworksBuildPhase section */

/* Begin PBXGroup section */
		06BD35501A115D61000B7228 = {
			isa = PBXGroup;
			children = (
				06BD35621A115D62000B7228 /* Control Flow */,
				06BD35811A115D62000B7228 /* Control FlowTests */,
				06BD355B1A115D61000B7228 /* Frameworks */,
				06BD355A1A115D61000B7228 /* Products */,
			);
			sourceTree = "<group>";
		};
		06BD355A1A115D61000B7228 /* Products */ = {
			isa = PBXGroup;
			children = (
				06BD35591A115D61000B7228 /* Control Flow.app */,
				06BD357A1A115D62000B7228 /* Control FlowTests.xctest */,
			);
			name = Products;
			sourceTree = "<group>";
		};
		06BD355B1A115D61000B7228 /* Frameworks */ = {
			isa = PBXGroup;
			children = (
				06BD355C1A115D61000B7228 /* Foundation.framework */,
				06BD355E1A115D61000B7228 /* CoreGraphics.framework */,
				06BD35601A115D62000B7228 /* UIKit.framework */,
				06BD357B1A115D62000B7228 /* XCTest.framework */,
			);
			name = Frameworks;
			sourceTree = "<group>";
		};
		06BD35621A115D62000B7228 /* Control Flow */ = {
			isa = PBXGroup;
			children = (
				06BD356B1A115D62000B7228 /* LNAppDelegate.h */,
				06BD356C1A115D62000B7228 /* LNAppDelegate.m */,
				06BD356E1A115D62000B7228 /* Main.storyboard */,
				06BD35711A115D62000B7228 /* LNViewController.h */,
				06BD35721A115D62000B7228 /* LNViewController.m */,
				06BD35741A115D62000B7228 /* Images.xcassets */,
				06BD35631A115D62000B7228 /* Supporting Files */,
			);
			path = "Control Flow";
			sourceTree = "<group>";
		};
		06BD35631A115D62000B7228 /* Supporting Files */ = {
			isa = PBXGroup;
			children = (
				06BD35641A115D62000B7228 /* Control Flow-Info.plist */,
				06BD35651A115D62000B7228 /* InfoPlist.strings */,
				06BD35681A115D62000B7228 /* main.m */,
				06BD356A1A115D62000B7228 /* Control Flow-Prefix.pch */,
			);
			name = "Supporting Files";
			sourceTree = "<group>";
		};
		06BD35811A115D62000B7228 /* Control FlowTests */ = {
			isa = PBXGroup;
			children = (
				06BD35871A115D62000B7228 /* Control_FlowTests.m */,
				06BD35821A115D62000B7228 /* Supporting Files */,
			);
			path = "Control FlowTests";
			sourceTree = "<group>";
		};
		06BD35821A115D62000B7228 /* Supporting Files */ = {
			isa = PBXGroup;
			children = (
				06BD35831A115D62000B7228 /* Control FlowTests-Info.plist */,
				06BD35841A115D62000B7228 /* InfoPlist.strings */,
			);
			name = "Supporting Files";
			sourceTree = "<group>";
		};
/* End PBXGroup section */

/* Begin PBXNativeTarget section */
		06BD35581A115D61000B7228 /* Control Flow */ = {
			isa = PBXNativeTarget;
			buildConfigurationList = 06BD358B1A115D62000B7228 /* Build configuration list for PBXNativeTarget "Control Flow" */;
			buildPhases = (
				06BD35551A115D61000B7228 /* Sources */,
				06BD35561A115D61000B7228 /* Frameworks */,
				06BD35571A115D61000B7228 /* Resources */,
			);
			buildRules = (
			);
			dependencies = (
			);
			name = "Control Flow";
			productName = "Control Flow";
			productReference = 06BD35591A115D61000B7228 /* Control Flow.app */;
			productType = "com.apple.product-type.application";
		};
		06BD35791A115D62000B7228 /* Control FlowTests */ = {
			isa = PBXNativeTarget;
			buildConfigurationList = 06BD358E1A115D62000B7228 /* Build configuration list for PBXNativeTarget "Control FlowTests" */;
			buildPhases = (
				06BD35761A115D62000B7228 /* Sources */,
				06BD35771A115D62000B7228 /* Frameworks */,
				06BD35781A115D62000B7228 /* Resources */,
			);
			buildRules = (
			);
			dependencies = (
				06BD35801A115D62000B7228 /* PBXTargetDependency */,
			);
			name = "Control FlowTests";
			productName = "Control FlowTests";
			productReference = 06BD357A1A115D62000B7228 /* Control FlowTests.xctest */;
			productType = "com.apple.product-type.bundle.unit-test";
		};
/* End PBXNativeTarget section */

/* Begin PBXProject section */
		06BD35511A115D61000B7228 /* Project object */ = {
			isa = PBXProject;
			attributes = {
				CLASSPREFIX = LN;
				LastUpgradeCheck = 0510;
				ORGANIZATIONNAME = Liner;
				TargetAttributes = {
					06BD35791A115D62000B7228 = {
						TestTargetID = 06BD35581A115D61000B7228;
					};
				};
			};
			buildConfigurationList = 06BD35541A115D61000B7228 /* Build configuration list for PBXProject "Control Flow" */;
			compatibilityVersion = "Xcode 3.2";
			developmentRegion = English;
			hasScannedForEncodings = 0;
			knownRegions = (
				en,
				Base,
			);
			mainGroup = 06BD35501A115D61000B7228;
			productRefGroup = 06BD355A1A115D61000B7228 /* Products */;
			projectDirPath = "";
			projectRoot = "";
			targets = (
				06BD35581A115D61000B7228 /* Control Flow */,
				06BD35791A115D62000B7228 /* Control FlowTests */,
			);
		};
/* End PBXProject section */

/* Begin PBXResourcesBuildPhase section */
		06BD35571A115D61000B7228 /* Resources */ = {
			isa = PBXResourcesBuildPhase;
			buildActionMask = 2147483647;
			files = (
				06BD35751A115D62000B7228 /* Images.xcassets in Resources */,
				06BD35671A115D62000B7228 /* InfoPlist.strings in Resources */,
				06BD35701A115D62000B7228 /* Main.storyboard in Resources */,
			);
			runOnlyForDeploymentPostprocessing = 0;
		};
		06BD35781A115D62000B7228 /* Resources */ = {
			isa = PBXResourcesBuildPhase;
			buildActionMask = 2147483647;
			files = (
				06BD35861A115D62000B7228 /* InfoPlist.strings in Resources */,
			);
			runOnlyForDeploymentPostprocessing = 0;
		};
/* End PBXResourcesBuildPhase section */

/* Begin PBXSourcesBuildPhase section */
		06BD35551A115D61000B7228 /* Sources */ = {
			isa = PBXSourcesBuildPhase;
			buildActionMask = 2147483647;
			files = (
				06BD356D1A115D62000B7228 /* LNAppDelegate.m in Sources */,
				06BD35691A115D62000B7228 /* main.m in Sources */,
				06BD35731A115D62000B7228 /* LNViewController.m in Sources */,
			);
			runOnlyForDeploymentPostprocessing = 0;
		};
		06BD35761A115D62000B7228 /* Sources */ = {
			isa = PBXSourcesBuildPhase;
			buildActionMask = 2147483647;
			files = (
				06BD35881A115D62000B7228 /* Control_FlowTests.m in Sources */,
			);
			runOnlyForDeploymentPostprocessing = 0;
		};
/* End PBXSourcesBuildPhase section */

/* Begin PBXTargetDependency section */
		06BD35801A115D62000B7228 /* PBXTargetDependency */ = {
			isa = PBXTargetDependency;
			target = 06BD35581A115D61000B7228 /* Control Flow */;
			targetProxy = 06BD357F1A115D62000B7228 /* PBXContainerItemProxy */;
		};
/* End PBXTargetDependency section */

/* Begin PBXVariantGroup section */
		06BD35651A115D62000B7228 /* InfoPlist.strings */ = {
			isa = PBXVariantGroup;
			children = (
				06BD35661A115D62000B7228 /* en */,
			);
			name = InfoPlist.strings;
			sourceTree = "<group>";
		};
		06BD356E1A115D62000B7228 /* Main.storyboard */ = {
			isa = PBXVariantGroup;
			children = (
				06BD356F1A115D62000B7228 /* Base */,
			);
			name = Main.storyboard;
			sourceTree = "<group>";
		};
		06BD35841A115D62000B7228 /* InfoPlist.strings */ = {
			isa = PBXVariantGroup;
			children = (
				06BD35851A115D62000B7228 /* en */,
			);
			name = InfoPlist.strings;
			sourceTree = "<group>";
		};
/* End PBXVariantGroup section */

/* Begin XCBuildConfiguration section */
		06BD35891A115D62000B7228 /* Debug */ = {
			isa = XCBuildConfiguration;
			buildSettings = {
				ALWAYS_SEARCH_USER_PATHS = NO;
				CLANG_CXX_LANGUAGE_STANDARD = "gnu++0x";
				CLANG_CXX_LIBRARY = "libc++";
				CLANG_ENABLE_MODULES = YES;
				CLANG_ENABLE_OBJC_ARC = YES;
				CLANG_WARN_BOOL_CONVERSION = YES;
				CLANG_WARN_CONSTANT_CONVERSION = YES;
				CLANG_WARN_DIRECT_OBJC_ISA_USAGE = YES_ERROR;
				CLANG_WARN_EMPTY_BODY = YES;
				CLANG_WARN_ENUM_CONVERSION = YES;
				CLANG_WARN_INT_CONVERSION = YES;
				CLANG_WARN_OBJC_ROOT_CLASS = YES_ERROR;
				CLANG_WARN__DUPLICATE_METHOD_MATCH = YES;
				"CODE_SIGN_IDENTITY[sdk=iphoneos*]" = "iPhone Developer";
				COPY_PHASE_STRIP = NO;
				GCC_C_LANGUAGE_STANDARD = gnu99;
				GCC_DYNAMIC_NO_PIC = NO;
				GCC_OPTIMIZATION_LEVEL = 0;
				GCC_PREPROCESSOR_DEFINITIONS = (
					"DEBUG=1",
					"$(inherited)",
				);
				GCC_SYMBOLS_PRIVATE_EXTERN = NO;
				GCC_WARN_64_TO_32_BIT_CONVERSION = YES;
				GCC_WARN_ABOUT_RETURN_TYPE = YES_ERROR;
				GCC_WARN_UNDECLARED_SELECTOR = YES;
				GCC_WARN_UNINITIALIZED_AUTOS = YES_AGGRESSIVE;
				GCC_WARN_UNUSED_FUNCTION = YES;
				GCC_WARN_UNUSED_VARIABLE = YES;
				IPHONEOS_DEPLOYMENT_TARGET = 7.1;
				ONLY_ACTIVE_ARCH = YES;
				SDKROOT = iphoneos;
			};
			name = Debug;
		};
		06BD358A1A115D62000B7228 /* Release */ = {
			isa = XCBuildConfiguration;
			buildSettings = {
				ALWAYS_SEARCH_USER_PATHS = NO;
				CLANG_CXX_LANGUAGE_STANDARD = "gnu++0x";
				CLANG_CXX_LIBRARY = "libc++";
				CLANG_ENABLE_MODULES = YES;
				CLANG_ENABLE_OBJC_ARC = YES;
				CLANG_WARN_BOOL_CONVERSION = YES;
				CLANG_WARN_CONSTANT_CONVERSION = YES;
				CLANG_WARN_DIRECT_OBJC_ISA_USAGE = YES_ERROR;
				CLANG_WARN_EMPTY_BODY = YES;
				CLANG_WARN_ENUM_CONVERSION = YES;
				CLANG_WARN_INT_CONVERSION = YES;
				CLANG_WARN_OBJC_ROOT_CLASS = YES_ERROR;
				CLANG_WARN__DUPLICATE_METHOD_MATCH = YES;
				"CODE_SIGN_IDENTITY[sdk=iphoneos*]" = "iPhone Developer";
				COPY_PHASE_STRIP = YES;
				ENABLE_NS_ASSERTIONS = NO;
				GCC_C_LANGUAGE_STANDARD = gnu99;
				GCC_WARN_64_TO_32_BIT_CONVERSION = YES;
				GCC_WARN_ABOUT_RETURN_TYPE = YES_ERROR;
				GCC_WARN_UNDECLARED_SELECTOR = YES;
				GCC_WARN_UNINITIALIZED_AUTOS = YES_AGGRESSIVE;
				GCC_WARN_UNUSED_FUNCTION = YES;
				GCC_WARN_UNUSED_VARIABLE = YES;
				IPHONEOS_DEPLOYMENT_TARGET = 7.1;
				SDKROOT = iphoneos;
				VALIDATE_PRODUCT = YES;
			};
			name = Release;
		};
		06BD358C1A115D62000B7228 /* Debug */ = {
			isa = XCBuildConfiguration;
			buildSettings = {
				ASSETCATALOG_COMPILER_APPICON_NAME = AppIcon;
				ASSETCATALOG_COMPILER_LAUNCHIMAGE_NAME = LaunchImage;
				GCC_PRECOMPILE_PREFIX_HEADER = YES;
				GCC_PREFIX_HEADER = "Control Flow/Control Flow-Prefix.pch";
				INFOPLIST_FILE = "Control Flow/Control Flow-Info.plist";
				PRODUCT_NAME = "$(TARGET_NAME)";
				WRAPPER_EXTENSION = app;
			};
			name = Debug;
		};
		06BD358D1A115D62000B7228 /* Release */ = {
			isa = XCBuildConfiguration;
			buildSettings = {
				ASSETCATALOG_COMPILER_APPICON_NAME = AppIcon;
				ASSETCATALOG_COMPILER_LAUNCHIMAGE_NAME = LaunchImage;
				GCC_PRECOMPILE_PREFIX_HEADER = YES;
				GCC_PREFIX_HEADER = "Control Flow/Control Flow-Prefix.pch";
				INFOPLIST_FILE = "Control Flow/Control Flow-Info.plist";
				PRODUCT_NAME = "$(TARGET_NAME)";
				WRAPPER_EXTENSION = app;
			};
			name = Release;
		};
		06BD358F1A115D62000B7228 /* Debug */ = {
			isa = XCBuildConfiguration;
			buildSettings = {
				BUNDLE_LOADER = "$(BUILT_PRODUCTS_DIR)/Control Flow.app/Control Flow";
				FRAMEWORK_SEARCH_PATHS = (
					"$(SDKROOT)/Developer/Library/Frameworks",
					"$(inherited)",
					"$(DEVELOPER_FRAMEWORKS_DIR)",
				);
				GCC_PRECOMPILE_PREFIX_HEADER = YES;
				GCC_PREFIX_HEADER = "Control Flow/Control Flow-Prefix.pch";
				GCC_PREPROCESSOR_DEFINITIONS = (
					"DEBUG=1",
					"$(inherited)",
				);
				INFOPLIST_FILE = "Control FlowTests/Control FlowTests-Info.plist";
				PRODUCT_NAME = "$(TARGET_NAME)";
				TEST_HOST = "$(BUNDLE_LOADER)";
				WRAPPER_EXTENSION = xctest;
			};
			name = Debug;
		};
		06BD35901A115D62000B7228 /* Release */ = {
			isa = XCBuildConfiguration;
			buildSettings = {
				BUNDLE_LOADER = "$(BUILT_PRODUCTS_DIR)/Control Flow.app/Control Flow";
				FRAMEWORK_SEARCH_PATHS = (
					"$(SDKROOT)/Developer/Library/Frameworks",
					"$(inherited)",
					"$(DEVELOPER_FRAMEWORKS_DIR)",
				);
				GCC_PRECOMPILE_PREFIX_HEADER = YES;
				GCC_PREFIX_HEADER = "Control Flow/Control Flow-Prefix.pch";
				INFOPLIST_FILE = "Control FlowTests/Control FlowTests-Info.plist";
				PRODUCT_NAME = "$(TARGET_NAME)";
				TEST_HOST = "$(BUNDLE_LOADER)";
				WRAPPER_EXTENSION = xctest;
			};
			name = Release;
		};
/* End XCBuildConfiguration section */

/* Begin XCConfigurationList section */
		06BD35541A115D61000B7228 /* Build configuration list for PBXProject "Control Flow" */ = {
			isa = XCConfigurationList;
			buildConfigurations = (
				06BD35891A115D62000B7228 /* Debug */,
				06BD358A1A115D62000B7228 /* Release */,
			);
			defaultConfigurationIsVisible = 0;
			defaultConfigurationName = Release;
		};
		06BD358B1A115D62000B7228 /* Build configuration list for PBXNativeTarget "Control Flow" */ = {
			isa = XCConfigurationList;
			buildConfigurations = (
				06BD358C1A115D62000B7228 /* Debug */,
				06BD358D1A115D62000B7228 /* Release */,
			);
			defaultConfigurationIsVisible = 0;
		};
		06BD358E1A115D62000B7228 /* Build configuration list for PBXNativeTarget "Control FlowTests" */ = {
			isa = XCConfigurationList;
			buildConfigurations = (
				06BD358F1A115D62000B7228 /* Debug */,
				06BD35901A115D62000B7228 /* Release */,
			);
			defaultConfigurationIsVisible = 0;
		};
/* End XCConfigurationList section */
	};
	rootObject = 06BD35511A115D61000B7228 /* Project object */;
}
